lockfileVersion: 5.4

specifiers:
  '@codemirror/lang-html': ^6.1.0
  '@codemirror/lang-javascript': ^6.0.2
  '@codemirror/theme-one-dark': ^6.0.0
  codemirror: ^6.0.1
  unplugin-icons: ^0.14.8
  vitepress: 1.0.0-alpha.2
  vitepress-auto-nav-sidebar: 0.0.4
  vue: ^3.2.37
  vue-codemirror: ^6.0.2
  xmind-embed-viewer: ^1.0.7

dependencies:
  '@codemirror/lang-html': 6.1.0
  '@codemirror/lang-javascript': 6.0.2
  '@codemirror/theme-one-dark': 6.0.0
  codemirror: 6.0.1
  unplugin-icons: 0.14.8
  vue-codemirror: 6.0.2_w3v55mexrpfzyztsvxxm2lvyqu
  xmind-embed-viewer: 1.0.7

devDependencies:
  vitepress: 1.0.0-alpha.2
  vitepress-auto-nav-sidebar: link:../vitepress-auto-nav-sidebar
  vue: 3.2.37

packages:

  /@algolia/autocomplete-core/1.6.3:
    resolution: {integrity: sha512-dqQqRt01fX3YuVFrkceHsoCnzX0bLhrrg8itJI1NM68KjrPYQPYsE+kY8EZTCM4y8VDnhqJErR73xe/ZsV+qAA==}
    dependencies:
      '@algolia/autocomplete-shared': 1.6.3
    dev: true

  /@algolia/autocomplete-shared/1.6.3:
    resolution: {integrity: sha512-UV46bnkTztyADFaETfzFC5ryIdGVb2zpAoYgu0tfcuYWjhg1KbLXveFffZIrGVoboqmAk1b+jMrl6iCja1i3lg==}
    dev: true

  /@algolia/cache-browser-local-storage/4.13.1:
    resolution: {integrity: sha512-UAUVG2PEfwd/FfudsZtYnidJ9eSCpS+LW9cQiesePQLz41NAcddKxBak6eP2GErqyFagSlnVXe/w2E9h2m2ttg==}
    dependencies:
      '@algolia/cache-common': 4.13.1
    dev: true

  /@algolia/cache-common/4.13.1:
    resolution: {integrity: sha512-7Vaf6IM4L0Jkl3sYXbwK+2beQOgVJ0mKFbz/4qSxKd1iy2Sp77uTAazcX+Dlexekg1fqGUOSO7HS4Sx47ZJmjA==}
    dev: true

  /@algolia/cache-in-memory/4.13.1:
    resolution: {integrity: sha512-pZzybCDGApfA/nutsFK1P0Sbsq6fYJU3DwIvyKg4pURerlJM4qZbB9bfLRef0FkzfQu7W11E4cVLCIOWmyZeuQ==}
    dependencies:
      '@algolia/cache-common': 4.13.1
    dev: true

  /@algolia/client-account/4.13.1:
    resolution: {integrity: sha512-TFLiZ1KqMiir3FNHU+h3b0MArmyaHG+eT8Iojio6TdpeFcAQ1Aiy+2gb3SZk3+pgRJa/BxGmDkRUwE5E/lv3QQ==}
    dependencies:
      '@algolia/client-common': 4.13.1
      '@algolia/client-search': 4.13.1
      '@algolia/transporter': 4.13.1
    dev: true

  /@algolia/client-analytics/4.13.1:
    resolution: {integrity: sha512-iOS1JBqh7xaL5x00M5zyluZ9+9Uy9GqtYHv/2SMuzNW1qP7/0doz1lbcsP3S7KBbZANJTFHUOfuqyRLPk91iFA==}
    dependencies:
      '@algolia/client-common': 4.13.1
      '@algolia/client-search': 4.13.1
      '@algolia/requester-common': 4.13.1
      '@algolia/transporter': 4.13.1
    dev: true

  /@algolia/client-common/4.13.1:
    resolution: {integrity: sha512-LcDoUE0Zz3YwfXJL6lJ2OMY2soClbjrrAKB6auYVMNJcoKZZ2cbhQoFR24AYoxnGUYBER/8B+9sTBj5bj/Gqbg==}
    dependencies:
      '@algolia/requester-common': 4.13.1
      '@algolia/transporter': 4.13.1
    dev: true

  /@algolia/client-personalization/4.13.1:
    resolution: {integrity: sha512-1CqrOW1ypVrB4Lssh02hP//YxluoIYXAQCpg03L+/RiXJlCs+uIqlzC0ctpQPmxSlTK6h07kr50JQoYH/TIM9w==}
    dependencies:
      '@algolia/client-common': 4.13.1
      '@algolia/requester-common': 4.13.1
      '@algolia/transporter': 4.13.1
    dev: true

  /@algolia/client-search/4.13.1:
    resolution: {integrity: sha512-YQKYA83MNRz3FgTNM+4eRYbSmHi0WWpo019s5SeYcL3HUan/i5R09VO9dk3evELDFJYciiydSjbsmhBzbpPP2A==}
    dependencies:
      '@algolia/client-common': 4.13.1
      '@algolia/requester-common': 4.13.1
      '@algolia/transporter': 4.13.1
    dev: true

  /@algolia/logger-common/4.13.1:
    resolution: {integrity: sha512-L6slbL/OyZaAXNtS/1A8SAbOJeEXD5JcZeDCPYDqSTYScfHu+2ePRTDMgUTY4gQ7HsYZ39N1LujOd8WBTmM2Aw==}
    dev: true

  /@algolia/logger-console/4.13.1:
    resolution: {integrity: sha512-7jQOTftfeeLlnb3YqF8bNgA2GZht7rdKkJ31OCeSH2/61haO0tWPoNRjZq9XLlgMQZH276pPo0NdiArcYPHjCA==}
    dependencies:
      '@algolia/logger-common': 4.13.1
    dev: true

  /@algolia/requester-browser-xhr/4.13.1:
    resolution: {integrity: sha512-oa0CKr1iH6Nc7CmU6RE7TnXMjHnlyp7S80pP/LvZVABeJHX3p/BcSCKovNYWWltgTxUg0U1o+2uuy8BpMKljwA==}
    dependencies:
      '@algolia/requester-common': 4.13.1
    dev: true

  /@algolia/requester-common/4.13.1:
    resolution: {integrity: sha512-eGVf0ID84apfFEuXsaoSgIxbU3oFsIbz4XiotU3VS8qGCJAaLVUC5BUJEkiFENZIhon7hIB4d0RI13HY4RSA+w==}
    dev: true

  /@algolia/requester-node-http/4.13.1:
    resolution: {integrity: sha512-7C0skwtLdCz5heKTVe/vjvrqgL/eJxmiEjHqXdtypcE5GCQCYI15cb+wC4ytYioZDMiuDGeVYmCYImPoEgUGPw==}
    dependencies:
      '@algolia/requester-common': 4.13.1
    dev: true

  /@algolia/transporter/4.13.1:
    resolution: {integrity: sha512-pICnNQN7TtrcYJqqPEXByV8rJ8ZRU2hCiIKLTLRyNpghtQG3VAFk6fVtdzlNfdUGZcehSKGarPIZEHlQXnKjgw==}
    dependencies:
      '@algolia/cache-common': 4.13.1
      '@algolia/logger-common': 4.13.1
      '@algolia/requester-common': 4.13.1
    dev: true

  /@antfu/install-pkg/0.1.0:
    resolution: {integrity: sha512-VaIJd3d1o7irZfK1U0nvBsHMyjkuyMP3HKYVV53z8DKyulkHKmjhhtccXO51WSPeeSHIeoJEoNOKavYpS7jkZw==}
    dependencies:
      execa: 5.1.1
      find-up: 5.0.0
    dev: false

  /@antfu/utils/0.5.2:
    resolution: {integrity: sha512-CQkeV+oJxUazwjlHD0/3ZD08QWKuGQkhnrKo3e6ly5pd48VUpXbb77q0xMU4+vc2CkJnDS02Eq/M9ugyX20XZA==}
    dev: false

  /@babel/helper-validator-identifier/7.16.7:
    resolution: {integrity: sha512-hsEnFemeiW4D08A5gUAZxLBTXpZ39P+a+DGDsHw1yxqyQ/jzFEnxf5uTEGp+3bzAbNOxU1paTgYS4ECU/IgfDw==}
    engines: {node: '>=6.9.0'}

  /@babel/parser/7.17.8:
    resolution: {integrity: sha512-BoHhDJrJXqcg+ZL16Xv39H9n+AqJ4pcDrQBGZN+wHxIysrLZ3/ECwCBUch/1zUNhnsXULcONU3Ei5Hmkfk6kiQ==}
    engines: {node: '>=6.0.0'}
    hasBin: true
    dependencies:
      '@babel/types': 7.17.0

  /@babel/types/7.17.0:
    resolution: {integrity: sha512-TmKSNO4D5rzhL5bjWFcVHHLETzfQ/AmbKpKPOSjlP0WoHZ6L911fgoOKY4Alp/emzG4cHJdyN49zpgkbXFEHHw==}
    engines: {node: '>=6.9.0'}
    dependencies:
      '@babel/helper-validator-identifier': 7.16.7
      to-fast-properties: 2.0.0

  /@codemirror/autocomplete/6.1.0:
    resolution: {integrity: sha512-wtO4O5WDyXhhCd4q4utDIDZxnQfmJ++3dGBCG9LMtI79+92OcA1DVk/n7BEupKmjIr8AzvptDz7YQ9ud6OkU+A==}
    dependencies:
      '@codemirror/language': 6.2.1
      '@codemirror/state': 6.1.1
      '@codemirror/view': 6.2.0
      '@lezer/common': 1.0.0
    dev: false

  /@codemirror/commands/6.0.1:
    resolution: {integrity: sha512-iNHDByicYqQjs0Wo1MKGfqNbMYMyhS9WV6EwMVwsHXImlFemgEUC+c5X22bXKBStN3qnwg4fArNZM+gkv22baQ==}
    dependencies:
      '@codemirror/language': 6.2.1
      '@codemirror/state': 6.1.1
      '@codemirror/view': 6.2.0
      '@lezer/common': 1.0.0
    dev: false

  /@codemirror/lang-css/6.0.0:
    resolution: {integrity: sha512-jBqc+BTuwhNOTlrimFghLlSrN6iFuE44HULKWoR4qKYObhOIl9Lci1iYj6zMIte1XTQmZguNvjXMyr43LUKwSw==}
    dependencies:
      '@codemirror/autocomplete': 6.1.0
      '@codemirror/language': 6.2.1
      '@codemirror/state': 6.1.1
      '@lezer/css': 1.0.0
    dev: false

  /@codemirror/lang-html/6.1.0:
    resolution: {integrity: sha512-gA7NmJxqvnhwza05CvR7W/39Ap9r/4Vs9uiC0IeFYo1hSlJzc/8N6Evviz6vTW1x8SpHcRYyqKOf6rpl6LfWtg==}
    dependencies:
      '@codemirror/autocomplete': 6.1.0
      '@codemirror/lang-css': 6.0.0
      '@codemirror/lang-javascript': 6.0.2
      '@codemirror/language': 6.2.1
      '@codemirror/state': 6.1.1
      '@lezer/common': 1.0.0
      '@lezer/html': 1.0.1
    dev: false

  /@codemirror/lang-javascript/6.0.2:
    resolution: {integrity: sha512-BZRJ9u/zl16hLkSpDAWm73mrfIR7HJrr0lvnhoSOCQVea5BglguWI/slxexhvUb0CB5cXgKWuo2bM+N9EhIaZw==}
    dependencies:
      '@codemirror/autocomplete': 6.1.0
      '@codemirror/language': 6.2.1
      '@codemirror/lint': 6.0.0
      '@codemirror/state': 6.1.1
      '@codemirror/view': 6.2.0
      '@lezer/common': 1.0.0
      '@lezer/javascript': 1.0.2
    dev: false

  /@codemirror/language/6.2.1:
    resolution: {integrity: sha512-MC3svxuvIj0MRpFlGHxLS6vPyIdbTr2KKPEW46kCoCXw2ktb4NTkpkPBI/lSP/FoNXLCBJ0mrnUi1OoZxtpW1Q==}
    dependencies:
      '@codemirror/state': 6.1.1
      '@codemirror/view': 6.2.0
      '@lezer/common': 1.0.0
      '@lezer/highlight': 1.0.0
      '@lezer/lr': 1.2.2
      style-mod: 4.0.0
    dev: false

  /@codemirror/lint/6.0.0:
    resolution: {integrity: sha512-nUUXcJW1Xp54kNs+a1ToPLK8MadO0rMTnJB8Zk4Z8gBdrN0kqV7uvUraU/T2yqg+grDNR38Vmy/MrhQN/RgwiA==}
    dependencies:
      '@codemirror/state': 6.1.1
      '@codemirror/view': 6.2.0
      crelt: 1.0.5
    dev: false

  /@codemirror/search/6.0.1:
    resolution: {integrity: sha512-uOinkOrM+daMduCgMPomDfKLr7drGHB4jHl3Vq6xY2WRlL7MkNsBE0b+XHYa/Mee2npsJOgwvkW4n1lMFeBW2Q==}
    dependencies:
      '@codemirror/state': 6.1.1
      '@codemirror/view': 6.2.0
      crelt: 1.0.5
    dev: false

  /@codemirror/state/6.1.1:
    resolution: {integrity: sha512-2s+aXsxmAwnR3Rd+JDHPG/1lw0YsA9PEwl7Re88gHJHGfxyfEzKBmsN4rr53RyPIR4lzbbhJX0DCq0WlqlBIRw==}
    dev: false

  /@codemirror/theme-one-dark/6.0.0:
    resolution: {integrity: sha512-jTCfi1I8QT++3m21Ui6sU8qwu3F/hLv161KLxfvkV1cYWSBwyUanmQFs89ChobQjBHi2x7s2k71wF9WYvE8fdw==}
    dependencies:
      '@codemirror/language': 6.2.1
      '@codemirror/state': 6.1.1
      '@codemirror/view': 6.2.0
      '@lezer/highlight': 1.0.0
    dev: false

  /@codemirror/view/6.2.0:
    resolution: {integrity: sha512-3emW1symh+GoteFMBPsltjmF790U/trouLILATh3JodbF/z98HvcQh2g3+H6dfNIHx16uNonsAF4mNzVr1TJNA==}
    dependencies:
      '@codemirror/state': 6.1.1
      style-mod: 4.0.0
      w3c-keyname: 2.2.6
    dev: false

  /@docsearch/css/3.1.0:
    resolution: {integrity: sha512-bh5IskwkkodbvC0FzSg1AxMykfDl95hebEKwxNoq4e5QaGzOXSBgW8+jnMFZ7JU4sTBiB04vZWoUSzNrPboLZA==}
    dev: true

  /@docsearch/js/3.1.0:
    resolution: {integrity: sha512-5XSK+xbP0hcTIp54MECqxkWLs6kf7Ug4nWdxWNtx8cUpLiFNFnKXDxCb35wnyNpjukmrx7Q9DkO5tFFsmNVxng==}
    dependencies:
      '@docsearch/react': 3.1.0
      preact: 10.8.1
    transitivePeerDependencies:
      - '@types/react'
      - react
      - react-dom
    dev: true

  /@docsearch/react/3.1.0:
    resolution: {integrity: sha512-bjB6ExnZzf++5B7Tfoi6UXgNwoUnNOfZ1NyvnvPhWgCMy5V/biAtLL4o7owmZSYdAKeFSvZ5Lxm0is4su/dBWg==}
    peerDependencies:
      '@types/react': '>= 16.8.0 < 19.0.0'
      react: '>= 16.8.0 < 19.0.0'
      react-dom: '>= 16.8.0 < 19.0.0'
    dependencies:
      '@algolia/autocomplete-core': 1.6.3
      '@docsearch/css': 3.1.0
      algoliasearch: 4.13.1
    dev: true

  /@iconify/types/1.1.0:
    resolution: {integrity: sha512-Jh0llaK2LRXQoYsorIH8maClebsnzTcve+7U3rQUSnC11X4jtPnFuyatqFLvMxZ8MLG8dB4zfHsbPfuvxluONw==}
    dev: false

  /@iconify/utils/1.0.33:
    resolution: {integrity: sha512-vGeAqo7aGPxOQmGdVoXFUOuyN+0V7Lcrx2EvaiRjxUD1x6Om0Tvq2bdm7E24l2Pz++4S0mWMCVFXe/17EtKImQ==}
    dependencies:
      '@antfu/install-pkg': 0.1.0
      '@antfu/utils': 0.5.2
      '@iconify/types': 1.1.0
      debug: 4.3.4
      kolorist: 1.5.1
      local-pkg: 0.4.2
    transitivePeerDependencies:
      - supports-color
    dev: false

  /@lezer/common/1.0.0:
    resolution: {integrity: sha512-ohydQe+Hb+w4oMDvXzs8uuJd2NoA3D8YDcLiuDsLqH+yflDTPEpgCsWI3/6rH5C3BAedtH1/R51dxENldQceEA==}
    dev: false

  /@lezer/css/1.0.0:
    resolution: {integrity: sha512-616VqgDKumHmYIuxs3tnX1irEQmoDHgF/TlP4O5ICWwyHwLMErq+8iKVuzTkOdBqvYAVmObqThcDEAaaMJjAdg==}
    dependencies:
      '@lezer/highlight': 1.0.0
      '@lezer/lr': 1.2.2
    dev: false

  /@lezer/highlight/1.0.0:
    resolution: {integrity: sha512-nsCnNtim90UKsB5YxoX65v3GEIw3iCHw9RM2DtdgkiqAbKh9pCdvi8AWNwkYf10Lu6fxNhXPpkpHbW6mihhvJA==}
    dependencies:
      '@lezer/common': 1.0.0
    dev: false

  /@lezer/html/1.0.1:
    resolution: {integrity: sha512-sC00zEt3GBh3vVO6QaGX4YZCl41S9dHWN/WGBsDixy9G+sqOC7gsa4cxA/fmRVAiBvhqYkJk+5Ul4oul92CPVw==}
    dependencies:
      '@lezer/common': 1.0.0
      '@lezer/highlight': 1.0.0
      '@lezer/lr': 1.2.2
    dev: false

  /@lezer/javascript/1.0.2:
    resolution: {integrity: sha512-IjOVeIRhM8IuafWNnk+UzRz7p4/JSOKBNINLYLsdSGuJS9Ju7vFdc82AlTt0jgtV5D8eBZf4g0vK4d3ttBNz7A==}
    dependencies:
      '@lezer/highlight': 1.0.0
      '@lezer/lr': 1.2.2
    dev: false

  /@lezer/lr/1.2.2:
    resolution: {integrity: sha512-Df2R6Q7mieAVKYOD5ifo9j5SUoT6EHp10FvHU0v4cQ3MoPsifi6mb8eEycI0uNTdtPSCZLqDqT8G1mNvEqSB1Q==}
    dependencies:
      '@lezer/common': 1.0.0
    dev: false

  /@vitejs/plugin-vue/2.3.3_vite@2.9.12+vue@3.2.37:
    resolution: {integrity: sha512-SmQLDyhz+6lGJhPELsBdzXGc+AcaT8stgkbiTFGpXPe8Tl1tJaBw1A6pxDqDuRsVkD8uscrkx3hA7QDOoKYtyw==}
    engines: {node: '>=12.0.0'}
    peerDependencies:
      vite: ^2.5.10
      vue: ^3.2.25
    dependencies:
      vite: 2.9.12
      vue: 3.2.37
    dev: true

  /@vue/compiler-core/3.2.37:
    resolution: {integrity: sha512-81KhEjo7YAOh0vQJoSmAD68wLfYqJvoiD4ulyedzF+OEk/bk6/hx3fTNVfuzugIIaTrOx4PGx6pAiBRe5e9Zmg==}
    dependencies:
      '@babel/parser': 7.17.8
      '@vue/shared': 3.2.37
      estree-walker: 2.0.2
      source-map: 0.6.1

  /@vue/compiler-dom/3.2.37:
    resolution: {integrity: sha512-yxJLH167fucHKxaqXpYk7x8z7mMEnXOw3G2q62FTkmsvNxu4FQSu5+3UMb+L7fjKa26DEzhrmCxAgFLLIzVfqQ==}
    dependencies:
      '@vue/compiler-core': 3.2.37
      '@vue/shared': 3.2.37

  /@vue/compiler-sfc/3.2.37:
    resolution: {integrity: sha512-+7i/2+9LYlpqDv+KTtWhOZH+pa8/HnX/905MdVmAcI/mPQOBwkHHIzrsEsucyOIZQYMkXUiTkmZq5am/NyXKkg==}
    dependencies:
      '@babel/parser': 7.17.8
      '@vue/compiler-core': 3.2.37
      '@vue/compiler-dom': 3.2.37
      '@vue/compiler-ssr': 3.2.37
      '@vue/reactivity-transform': 3.2.37
      '@vue/shared': 3.2.37
      estree-walker: 2.0.2
      magic-string: 0.25.9
      postcss: 8.4.14
      source-map: 0.6.1

  /@vue/compiler-ssr/3.2.37:
    resolution: {integrity: sha512-7mQJD7HdXxQjktmsWp/J67lThEIcxLemz1Vb5I6rYJHR5vI+lON3nPGOH3ubmbvYGt8xEUaAr1j7/tIFWiEOqw==}
    dependencies:
      '@vue/compiler-dom': 3.2.37
      '@vue/shared': 3.2.37

  /@vue/devtools-api/6.1.4:
    resolution: {integrity: sha512-IiA0SvDrJEgXvVxjNkHPFfDx6SXw0b/TUkqMcDZWNg9fnCAHbTpoo59YfJ9QLFkwa3raau5vSlRVzMSLDnfdtQ==}
    dev: true

  /@vue/reactivity-transform/3.2.37:
    resolution: {integrity: sha512-IWopkKEb+8qpu/1eMKVeXrK0NLw9HicGviJzhJDEyfxTR9e1WtpnnbYkJWurX6WwoFP0sz10xQg8yL8lgskAZg==}
    dependencies:
      '@babel/parser': 7.17.8
      '@vue/compiler-core': 3.2.37
      '@vue/shared': 3.2.37
      estree-walker: 2.0.2
      magic-string: 0.25.9

  /@vue/reactivity/3.2.37:
    resolution: {integrity: sha512-/7WRafBOshOc6m3F7plwzPeCu/RCVv9uMpOwa/5PiY1Zz+WLVRWiy0MYKwmg19KBdGtFWsmZ4cD+LOdVPcs52A==}
    dependencies:
      '@vue/shared': 3.2.37

  /@vue/runtime-core/3.2.37:
    resolution: {integrity: sha512-JPcd9kFyEdXLl/i0ClS7lwgcs0QpUAWj+SKX2ZC3ANKi1U4DOtiEr6cRqFXsPwY5u1L9fAjkinIdB8Rz3FoYNQ==}
    dependencies:
      '@vue/reactivity': 3.2.37
      '@vue/shared': 3.2.37

  /@vue/runtime-dom/3.2.37:
    resolution: {integrity: sha512-HimKdh9BepShW6YozwRKAYjYQWg9mQn63RGEiSswMbW+ssIht1MILYlVGkAGGQbkhSh31PCdoUcfiu4apXJoPw==}
    dependencies:
      '@vue/runtime-core': 3.2.37
      '@vue/shared': 3.2.37
      csstype: 2.6.20

  /@vue/server-renderer/3.2.37_vue@3.2.37:
    resolution: {integrity: sha512-kLITEJvaYgZQ2h47hIzPh2K3jG8c1zCVbp/o/bzQOyvzaKiCquKS7AaioPI28GNxIsE/zSx+EwWYsNxDCX95MA==}
    peerDependencies:
      vue: 3.2.37
    dependencies:
      '@vue/compiler-ssr': 3.2.37
      '@vue/shared': 3.2.37
      vue: 3.2.37

  /@vue/shared/3.2.37:
    resolution: {integrity: sha512-4rSJemR2NQIo9Klm1vabqWjD8rs/ZaJSzMxkMNeJS6lHiUjjUeYFbooN19NgFjztubEKh3WlZUeOLVdbbUWHsw==}

  /@vueuse/core/8.7.3_vue@3.2.37:
    resolution: {integrity: sha512-jpBnyG9b4wXgk0Dz3I71lfhD0o53t1tZR+NoAQ+17zJy7MP/VDfGIkq8GcqpDwmptLCmGiGVipkPbWmDGMic8Q==}
    peerDependencies:
      '@vue/composition-api': ^1.1.0
      vue: ^2.6.0 || ^3.2.0
    peerDependenciesMeta:
      '@vue/composition-api':
        optional: true
      vue:
        optional: true
    dependencies:
      '@vueuse/metadata': 8.7.3
      '@vueuse/shared': 8.7.3_vue@3.2.37
      vue: 3.2.37
      vue-demi: 0.13.1_vue@3.2.37
    dev: true

  /@vueuse/metadata/8.7.3:
    resolution: {integrity: sha512-spf9kgCsBEFbQb90I6SIqAWh1yP5T1JoJGj+/04+VTMIHXKzn3iecmHUalg8QEOCPNtnFQGNEw5OLg0L39eizg==}
    dev: true

  /@vueuse/shared/8.7.3_vue@3.2.37:
    resolution: {integrity: sha512-PMc/h6cEakJ4+5VuNUGi7RnbA6CkLvtG2230x8w3zYJpW1P6Qphh9+dFFvHn7TX+RlaicF5ND0RX1NxWmAoW7w==}
    peerDependencies:
      '@vue/composition-api': ^1.1.0
      vue: ^2.6.0 || ^3.2.0
    peerDependenciesMeta:
      '@vue/composition-api':
        optional: true
      vue:
        optional: true
    dependencies:
      vue: 3.2.37
      vue-demi: 0.13.1_vue@3.2.37
    dev: true

  /acorn/8.8.0:
    resolution: {integrity: sha512-QOxyigPVrpZ2GXT+PFyZTl6TtOFc5egxHIP9IlQ+RbupQuX4RkT/Bee4/kQuC02Xkzg84JcT7oLYtDIQxp+v7w==}
    engines: {node: '>=0.4.0'}
    hasBin: true
    dev: false

  /algoliasearch/4.13.1:
    resolution: {integrity: sha512-dtHUSE0caWTCE7liE1xaL+19AFf6kWEcyn76uhcitWpntqvicFHXKFoZe5JJcv9whQOTRM6+B8qJz6sFj+rDJA==}
    dependencies:
      '@algolia/cache-browser-local-storage': 4.13.1
      '@algolia/cache-common': 4.13.1
      '@algolia/cache-in-memory': 4.13.1
      '@algolia/client-account': 4.13.1
      '@algolia/client-analytics': 4.13.1
      '@algolia/client-common': 4.13.1
      '@algolia/client-personalization': 4.13.1
      '@algolia/client-search': 4.13.1
      '@algolia/logger-common': 4.13.1
      '@algolia/logger-console': 4.13.1
      '@algolia/requester-browser-xhr': 4.13.1
      '@algolia/requester-common': 4.13.1
      '@algolia/requester-node-http': 4.13.1
      '@algolia/transporter': 4.13.1
    dev: true

  /anymatch/3.1.2:
    resolution: {integrity: sha512-P43ePfOAIupkguHUycrc4qJ9kz8ZiuOUijaETwX7THt0Y/GNK7v0aa8rY816xWjZ7rJdA5XdMcpVFTKMq+RvWg==}
    engines: {node: '>= 8'}
    dependencies:
      normalize-path: 3.0.0
      picomatch: 2.3.1
    dev: false

  /binary-extensions/2.2.0:
    resolution: {integrity: sha512-jDctJ/IVQbZoJykoeHbhXpOlNBqGNcwXJKJog42E5HDPUwQTSdjCHdihjj0DlnheQ7blbT6dHOafNAiS8ooQKA==}
    engines: {node: '>=8'}
    dev: false

  /body-scroll-lock/4.0.0-beta.0:
    resolution: {integrity: sha512-a7tP5+0Mw3YlUJcGAKUqIBkYYGlYxk2fnCasq/FUph1hadxlTRjF+gAcZksxANnaMnALjxEddmSi/H3OR8ugcQ==}
    dev: true

  /braces/3.0.2:
    resolution: {integrity: sha512-b8um+L1RzM3WDSzvhm6gIz1yfTbBt6YTlcEKAvsmqCZZFw46z626lVj9j1yEPW33H5H+lBQpZMP1k8l+78Ha0A==}
    engines: {node: '>=8'}
    dependencies:
      fill-range: 7.0.1
    dev: false

  /chokidar/3.5.3:
    resolution: {integrity: sha512-Dr3sfKRP6oTcjf2JmUmFJfeVMvXBdegxB0iVQ5eb2V10uFJUCAS8OByZdVAyVb8xXNz3GjjTgj9kLWsZTqE6kw==}
    engines: {node: '>= 8.10.0'}
    dependencies:
      anymatch: 3.1.2
      braces: 3.0.2
      glob-parent: 5.1.2
      is-binary-path: 2.1.0
      is-glob: 4.0.3
      normalize-path: 3.0.0
      readdirp: 3.6.0
    optionalDependencies:
      fsevents: 2.3.2
    dev: false

  /codemirror/6.0.1:
    resolution: {integrity: sha512-J8j+nZ+CdWmIeFIGXEFbFPtpiYacFMDR8GlHK3IyHQJMCaVRfGx9NT+Hxivv1ckLWPvNdZqndbr/7lVhrf/Svg==}
    dependencies:
      '@codemirror/autocomplete': 6.1.0
      '@codemirror/commands': 6.0.1
      '@codemirror/language': 6.2.1
      '@codemirror/lint': 6.0.0
      '@codemirror/search': 6.0.1
      '@codemirror/state': 6.1.1
      '@codemirror/view': 6.2.0
    dev: false

  /crelt/1.0.5:
    resolution: {integrity: sha512-+BO9wPPi+DWTDcNYhr/W90myha8ptzftZT+LwcmUbbok0rcP/fequmFYCw8NMoH7pkAZQzU78b3kYrlua5a9eA==}
    dev: false

  /cross-spawn/7.0.3:
    resolution: {integrity: sha512-iRDPJKUPVEND7dHPO8rkbOnPpyDygcDFtWjpeWNCgy8WP2rXcxXL8TskReQl6OrB2G7+UJrags1q15Fudc7G6w==}
    engines: {node: '>= 8'}
    dependencies:
      path-key: 3.1.1
      shebang-command: 2.0.0
      which: 2.0.2
    dev: false

  /csstype/2.6.20:
    resolution: {integrity: sha512-/WwNkdXfckNgw6S5R125rrW8ez139lBHWouiBvX8dfMFtcn6V81REDqnH7+CRpRipfYlyU1CmOnOxrmGcFOjeA==}

  /csstype/3.1.0:
    resolution: {integrity: sha512-uX1KG+x9h5hIJsaKR9xHUeUraxf8IODOwq9JLNPq6BwB04a/xgpq3rcx47l5BZu5zBPlgD342tdke3Hom/nJRA==}
    dev: false

  /debug/4.3.4:
    resolution: {integrity: sha512-PRWFHuSU3eDtQJPvnNY7Jcket1j0t5OuOsFzPPzsekD52Zl8qUfFIPEiswXqIvHWGVHOgX+7G/vCNNhehwxfkQ==}
    engines: {node: '>=6.0'}
    peerDependencies:
      supports-color: '*'
    peerDependenciesMeta:
      supports-color:
        optional: true
    dependencies:
      ms: 2.1.2
    dev: false

  /esbuild-android-64/0.14.44:
    resolution: {integrity: sha512-dFPHBXmx385zuJULAD/Cmq/LyPRXiAWbf9ylZtY0wJ8iVyWfKYaCYxeJx8OAZUuj46ZwNa7MzW2GBAQLOeiemg==}
    engines: {node: '>=12'}
    cpu: [x64]
    os: [android]
    requiresBuild: true
    dev: true
    optional: true

  /esbuild-android-arm64/0.14.44:
    resolution: {integrity: sha512-qqaqqyxHXjZ/0ddKU3I3Nb7lAvVM69ELMhb8+91FyomAUmQPlHtxe+TTiWxXGHE72XEzcgTEGq4VauqLNkN22g==}
    engines: {node: '>=12'}
    cpu: [arm64]
    os: [android]
    requiresBuild: true
    dev: true
    optional: true

  /esbuild-darwin-64/0.14.44:
    resolution: {integrity: sha512-RBmtGKGY06+AW6IOJ1LE/dEeF7HH34C1/Ces9FSitU4bIbIpL4KEuQpTFoxwb4ry5s2hyw7vbPhhtyOd18FH9g==}
    engines: {node: '>=12'}
    cpu: [x64]
    os: [darwin]
    requiresBuild: true
    dev: true
    optional: true

  /esbuild-darwin-arm64/0.14.44:
    resolution: {integrity: sha512-Bmhx5Cfo4Hdb7WyyyDupTB8HPmnFZ8baLfPlzLdYvF6OzsIbV+CY+m/AWf0OQvY40BlkzCLJ/7Lfwbb71Tngmg==}
    engines: {node: '>=12'}
    cpu: [arm64]
    os: [darwin]
    requiresBuild: true
    dev: true
    optional: true

  /esbuild-freebsd-64/0.14.44:
    resolution: {integrity: sha512-O4HpWa5ZgxbNPQTF7URicLzYa+TidGlmGT/RAC3GjbGEQQYkd0R1Slyh69Yrmb2qmcOcPAgWHbNo1UhK4WmZ4w==}
    engines: {node: '>=12'}
    cpu: [x64]
    os: [freebsd]
    requiresBuild: true
    dev: true
    optional: true

  /esbuild-freebsd-arm64/0.14.44:
    resolution: {integrity: sha512-f0/jkAKccnDY7mg1F9l/AMzEm+VXWXK6c3IrOEmd13jyKfpTZKTIlt+yI04THPDCDZTzXHTRUBLozqp+m8Mg5Q==}
    engines: {node: '>=12'}
    cpu: [arm64]
    os: [freebsd]
    requiresBuild: true
    dev: true
    optional: true

  /esbuild-linux-32/0.14.44:
    resolution: {integrity: sha512-WSIhzLldMR7YUoEL7Ix319tC+NFmW9Pu7NgFWxUfOXeWsT0Wg484hm6bNgs7+oY2pGzg715y/Wrqi1uNOMmZJw==}
    engines: {node: '>=12'}
    cpu: [ia32]
    os: [linux]
    requiresBuild: true
    dev: true
    optional: true

  /esbuild-linux-64/0.14.44:
    resolution: {integrity: sha512-zgscTrCMcRZRIsVugqBTP/B5lPLNchBlWjQ8sQq2Epnv+UDtYKgXEq1ctWAmibZNy2E9QRCItKMeIEqeTUT5kA==}
    engines: {node: '>=12'}
    cpu: [x64]
    os: [linux]
    requiresBuild: true
    dev: true
    optional: true

  /esbuild-linux-arm/0.14.44:
    resolution: {integrity: sha512-laPBPwGfsbBxGw6F6jnqic2CPXLyC1bPrmnSOeJ9oEnx1rcKkizd4HWCRUc0xv+l4z/USRfx/sEfYlWSLeqoJQ==}
    engines: {node: '>=12'}
    cpu: [arm]
    os: [linux]
    requiresBuild: true
    dev: true
    optional: true

  /esbuild-linux-arm64/0.14.44:
    resolution: {integrity: sha512-H0H/2/wgiScTwBve/JR8/o+Zhabx5KPk8T2mkYZFKQGl1hpUgC+AOmRyqy/Js3p66Wim4F4Akv3I3sJA1sKg0w==}
    engines: {node: '>=12'}
    cpu: [arm64]
    os: [linux]
    requiresBuild: true
    dev: true
    optional: true

  /esbuild-linux-mips64le/0.14.44:
    resolution: {integrity: sha512-ri3Okw0aleYy7o5n9zlIq+FCtq3tcMlctN6X1H1ucILjBJuH8pan2trJPKWeb8ppntFvE28I9eEXhwkWh6wYKg==}
    engines: {node: '>=12'}
    cpu: [mips64el]
    os: [linux]
    requiresBuild: true
    dev: true
    optional: true

  /esbuild-linux-ppc64le/0.14.44:
    resolution: {integrity: sha512-96TqL/MvFRuIVXz+GtCIXzRQ43ZwEk4XTn0RWUNJduXXMDQ/V1iOV28U6x6Oe3NesK4xkoKSaK2+F3VHcU8ZrA==}
    engines: {node: '>=12'}
    cpu: [ppc64]
    os: [linux]
    requiresBuild: true
    dev: true
    optional: true

  /esbuild-linux-riscv64/0.14.44:
    resolution: {integrity: sha512-rrK9qEp2M8dhilsPn4T9gxUsAumkITc1kqYbpyNMr9EWo+J5ZBj04n3GYldULrcCw4ZCHAJ+qPjqr8b6kG2inA==}
    engines: {node: '>=12'}
    cpu: [riscv64]
    os: [linux]
    requiresBuild: true
    dev: true
    optional: true

  /esbuild-linux-s390x/0.14.44:
    resolution: {integrity: sha512-2YmTm9BrW5aUwBSe8wIEARd9EcnOQmkHp4+IVaO09Ez/C5T866x+ABzhG0bwx0b+QRo9q97CRMaQx2Ngb6/hfw==}
    engines: {node: '>=12'}
    cpu: [s390x]
    os: [linux]
    requiresBuild: true
    dev: true
    optional: true

  /esbuild-netbsd-64/0.14.44:
    resolution: {integrity: sha512-zypdzPmZTCqYS30WHxbcvtC0E6e/ECvl4WueUdbdWhs2dfWJt5RtCBME664EpTznixR3lSN1MQ2NhwQF8MQryw==}
    engines: {node: '>=12'}
    cpu: [x64]
    os: [netbsd]
    requiresBuild: true
    dev: true
    optional: true

  /esbuild-openbsd-64/0.14.44:
    resolution: {integrity: sha512-8J43ab9ByYl7KteC03HGQjr2HY1ge7sN04lFnwMFWYk2NCn8IuaeeThvLeNjzOYhyT3I6K8puJP0uVXUu+D1xw==}
    engines: {node: '>=12'}
    cpu: [x64]
    os: [openbsd]
    requiresBuild: true
    dev: true
    optional: true

  /esbuild-sunos-64/0.14.44:
    resolution: {integrity: sha512-OH1/09CGUJwffA+HNM6mqPkSIyHVC3ZnURU/4CCIx7IqWUBn1Sh1HRLQC8/TWNgcs0/1u7ygnc2pgf/AHZJ/Ow==}
    engines: {node: '>=12'}
    cpu: [x64]
    os: [sunos]
    requiresBuild: true
    dev: true
    optional: true

  /esbuild-windows-32/0.14.44:
    resolution: {integrity: sha512-mCAOL9/rRqwfOfxTu2sjq/eAIs7eAXGiU6sPBnowggI7QS953Iq6o3/uDu010LwfN7zr18c/lEj6/PTwwTB3AA==}
    engines: {node: '>=12'}
    cpu: [ia32]
    os: [win32]
    requiresBuild: true
    dev: true
    optional: true

  /esbuild-windows-64/0.14.44:
    resolution: {integrity: sha512-AG6BH3+YG0s2Q/IfB1cm68FdyFnoE1P+GFbmgFO3tA4UIP8+BKsmKGGZ5I3+ZjcnzOwvT74bQRVrfnQow2KO5Q==}
    engines: {node: '>=12'}
    cpu: [x64]
    os: [win32]
    requiresBuild: true
    dev: true
    optional: true

  /esbuild-windows-arm64/0.14.44:
    resolution: {integrity: sha512-ygYPfYE5By4Sd6szsNr10B0RtWVNOSGmZABSaj4YQBLqh9b9i45VAjVWa8tyIy+UAbKF7WGwybi2wTbSVliO8A==}
    engines: {node: '>=12'}
    cpu: [arm64]
    os: [win32]
    requiresBuild: true
    dev: true
    optional: true

  /esbuild/0.14.44:
    resolution: {integrity: sha512-Rn+lRRfj60r/3svI6NgAVnetzp3vMOj17BThuhshSj/gS1LR03xrjkDYyfPmrYG/0c3D68rC6FNYMQ3yRbiXeQ==}
    engines: {node: '>=12'}
    hasBin: true
    requiresBuild: true
    optionalDependencies:
      esbuild-android-64: 0.14.44
      esbuild-android-arm64: 0.14.44
      esbuild-darwin-64: 0.14.44
      esbuild-darwin-arm64: 0.14.44
      esbuild-freebsd-64: 0.14.44
      esbuild-freebsd-arm64: 0.14.44
      esbuild-linux-32: 0.14.44
      esbuild-linux-64: 0.14.44
      esbuild-linux-arm: 0.14.44
      esbuild-linux-arm64: 0.14.44
      esbuild-linux-mips64le: 0.14.44
      esbuild-linux-ppc64le: 0.14.44
      esbuild-linux-riscv64: 0.14.44
      esbuild-linux-s390x: 0.14.44
      esbuild-netbsd-64: 0.14.44
      esbuild-openbsd-64: 0.14.44
      esbuild-sunos-64: 0.14.44
      esbuild-windows-32: 0.14.44
      esbuild-windows-64: 0.14.44
      esbuild-windows-arm64: 0.14.44
    dev: true

  /estree-walker/2.0.2:
    resolution: {integrity: sha512-Rfkk/Mp/DL7JVje3u18FxFujQlTNR2q6QfMSMB7AvCBx91NGj/ba3kCfza0f6dVDbw7YlRf/nDrn7pQrCCyQ/w==}

  /execa/5.1.1:
    resolution: {integrity: sha512-8uSpZZocAZRBAPIEINJj3Lo9HyGitllczc27Eh5YYojjMFMn8yHMDMaUHE2Jqfq05D/wucwI4JGURyXt1vchyg==}
    engines: {node: '>=10'}
    dependencies:
      cross-spawn: 7.0.3
      get-stream: 6.0.1
      human-signals: 2.1.0
      is-stream: 2.0.1
      merge-stream: 2.0.0
      npm-run-path: 4.0.1
      onetime: 5.1.2
      signal-exit: 3.0.7
      strip-final-newline: 2.0.0
    dev: false

  /fill-range/7.0.1:
    resolution: {integrity: sha512-qOo9F+dMUmC2Lcb4BbVvnKJxTPjCm+RRpe4gDuGrzkL7mEVl/djYSu2OdQ2Pa302N4oqkSg9ir6jaLWJ2USVpQ==}
    engines: {node: '>=8'}
    dependencies:
      to-regex-range: 5.0.1
    dev: false

  /find-up/5.0.0:
    resolution: {integrity: sha512-78/PXT1wlLLDgTzDs7sjq9hzz0vXD+zn+7wypEe4fXQxCmdmqfGsEPQxmiCSQI3ajFV91bVSsvNtrJRiW6nGng==}
    engines: {node: '>=10'}
    dependencies:
      locate-path: 6.0.0
      path-exists: 4.0.0
    dev: false

  /fsevents/2.3.2:
    resolution: {integrity: sha512-xiqMQR4xAeHTuB9uWm+fFRcIOgKBMiOBP+eXiyT7jsgVCq1bkVygt00oASowB7EdtpOHaaPgKt812P9ab+DDKA==}
    engines: {node: ^8.16.0 || ^10.6.0 || >=11.0.0}
    os: [darwin]
    requiresBuild: true
    optional: true

  /function-bind/1.1.1:
    resolution: {integrity: sha512-yIovAzMX49sF8Yl58fSCWJ5svSLuaibPxXQJFLmBObTuCr0Mf1KiPopGM9NiFjiYBCbfaa2Fh6breQ6ANVTI0A==}
    dev: true

  /get-stream/6.0.1:
    resolution: {integrity: sha512-ts6Wi+2j3jQjqi70w5AlN8DFnkSwC+MqmxEzdEALB2qXZYV3X/b1CTfgPLGJNMeAWxdPfU8FO1ms3NUfaHCPYg==}
    engines: {node: '>=10'}
    dev: false

  /glob-parent/5.1.2:
    resolution: {integrity: sha512-AOIgSQCepiJYwP3ARnGx+5VnTu2HBYdzbGP45eLw1vr3zB3vZLeyed1sC9hnbcOc9/SrMyM5RPQrkGz4aS9Zow==}
    engines: {node: '>= 6'}
    dependencies:
      is-glob: 4.0.3
    dev: false

  /has/1.0.3:
    resolution: {integrity: sha512-f2dvO0VU6Oej7RkWJGrehjbzMAjFp5/VKPp5tTpWIV4JHHZK1/BxbFRtf/siA2SWTe09caDmVtYYzWEIbBS4zw==}
    engines: {node: '>= 0.4.0'}
    dependencies:
      function-bind: 1.1.1
    dev: true

  /human-signals/2.1.0:
    resolution: {integrity: sha512-B4FFZ6q/T2jhhksgkbEW3HBvWIfDW85snkQgawt07S7J5QXTk6BkNV+0yAeZrM5QpMAdYlocGoljn0sJ/WQkFw==}
    engines: {node: '>=10.17.0'}
    dev: false

  /is-binary-path/2.1.0:
    resolution: {integrity: sha512-ZMERYes6pDydyuGidse7OsHxtbI7WVeUEozgR/g7rd0xUimYNlvZRE/K2MgZTjWy725IfelLeVcEM97mmtRGXw==}
    engines: {node: '>=8'}
    dependencies:
      binary-extensions: 2.2.0
    dev: false

  /is-core-module/2.8.1:
    resolution: {integrity: sha512-SdNCUs284hr40hFTFP6l0IfZ/RSrMXF3qgoRHd3/79unUTvrFO/JoXwkGm+5J/Oe3E/b5GsnG330uUNgRpu1PA==}
    dependencies:
      has: 1.0.3
    dev: true

  /is-extglob/2.1.1:
    resolution: {integrity: sha512-SbKbANkN603Vi4jEZv49LeVJMn4yGwsbzZworEoyEiutsN3nJYdbO36zfhGJ6QEDpOZIFkDtnq5JRxmvl3jsoQ==}
    engines: {node: '>=0.10.0'}
    dev: false

  /is-glob/4.0.3:
    resolution: {integrity: sha512-xelSayHH36ZgE7ZWhli7pW34hNbNl8Ojv5KVmkJD4hBdD3th8Tfk9vYasLM+mXWOZhFkgZfxhLSnrwRr4elSSg==}
    engines: {node: '>=0.10.0'}
    dependencies:
      is-extglob: 2.1.1
    dev: false

  /is-number/7.0.0:
    resolution: {integrity: sha512-41Cifkg6e8TylSpdtTpeLVMqvSBEVzTttHvERD741+pnZ8ANv0004MRL43QKPDlK9cGvNp6NZWZUBlbGXYxxng==}
    engines: {node: '>=0.12.0'}
    dev: false

  /is-stream/2.0.1:
    resolution: {integrity: sha512-hFoiJiTl63nn+kstHGBtewWSKnQLpyb155KHheA1l39uvtO9nWIop1p3udqPcUd/xbF1VLMO4n7OI6p7RbngDg==}
    engines: {node: '>=8'}
    dev: false

  /isexe/2.0.0:
    resolution: {integrity: sha512-RHxMLp9lnKHGHRng9QFhRCMbYAcVpn69smSGcq3f36xjgVVWThj4qqLbTLlq7Ssj8B+fIQ1EuCEGI2lKsyQeIw==}
    dev: false

  /jsonc-parser/3.0.0:
    resolution: {integrity: sha512-fQzRfAbIBnR0IQvftw9FJveWiHp72Fg20giDrHz6TdfB12UH/uue0D3hm57UB5KgAVuniLMCaS8P1IMj9NR7cA==}
    dev: true

  /kolorist/1.5.1:
    resolution: {integrity: sha512-lxpCM3HTvquGxKGzHeknB/sUjuVoUElLlfYnXZT73K8geR9jQbroGlSCFBax9/0mpGoD3kzcMLnOlGQPJJNyqQ==}
    dev: false

  /local-pkg/0.4.2:
    resolution: {integrity: sha512-mlERgSPrbxU3BP4qBqAvvwlgW4MTg78iwJdGGnv7kibKjWcJksrG3t6LB5lXI93wXRDvG4NpUgJFmTG4T6rdrg==}
    engines: {node: '>=14'}
    dev: false

  /locate-path/6.0.0:
    resolution: {integrity: sha512-iPZK6eYjbxRu3uB4/WZ3EsEIMJFMqAoopl3R+zuq0UjcAm/MO6KCweDgPfP3elTztoKP3KtnVHxTn2NHBSDVUw==}
    engines: {node: '>=10'}
    dependencies:
      p-locate: 5.0.0
    dev: false

  /magic-string/0.25.9:
    resolution: {integrity: sha512-RmF0AsMzgt25qzqqLc1+MbHmhdx0ojF2Fvs4XnOqz2ZOBXzzkEwc/dJQZCYHAn7v1jbVOjAZfK8msRn4BxO4VQ==}
    dependencies:
      sourcemap-codec: 1.4.8

  /merge-stream/2.0.0:
    resolution: {integrity: sha512-abv/qOcuPfk3URPfDzmZU1LKmuw8kT+0nIHvKrKgFrwifol/doWcdA4ZqsWQ8ENrFKkd67Mfpo/LovbIUsbt3w==}
    dev: false

  /mimic-fn/2.1.0:
    resolution: {integrity: sha512-OqbOk5oEQeAZ8WXWydlu9HJjz9WVdEIvamMCcXmuqUYjTknH/sqsWvhQ3vgwKFRR1HpjvNBKQ37nbJgYzGqGcg==}
    engines: {node: '>=6'}
    dev: false

  /ms/2.1.2:
    resolution: {integrity: sha512-sGkPx+VjMtmA6MX27oA4FBFELFCZZ4S4XqeGOXCv68tT+jb3vk/RyaKWP0PTKyWtmLSM0b+adUTEvbs1PEaH2w==}
    dev: false

  /nanoid/3.3.4:
    resolution: {integrity: sha512-MqBkQh/OHTS2egovRtLk45wEyNXwF+cokD+1YPf9u5VfJiRdAiRwB2froX5Co9Rh20xs4siNPm8naNotSD6RBw==}
    engines: {node: ^10 || ^12 || ^13.7 || ^14 || >=15.0.1}
    hasBin: true

  /normalize-path/3.0.0:
    resolution: {integrity: sha512-6eZs5Ls3WtCisHWp9S2GUy8dqkpGi4BVSz3GaqiE6ezub0512ESztXUwUB6C6IKbQkY2Pnb/mD4WYojCRwcwLA==}
    engines: {node: '>=0.10.0'}
    dev: false

  /npm-run-path/4.0.1:
    resolution: {integrity: sha512-S48WzZW777zhNIrn7gxOlISNAqi9ZC/uQFnRdbeIHhZhCA6UqpkOT8T1G7BvfdgP4Er8gF4sUbaS0i7QvIfCWw==}
    engines: {node: '>=8'}
    dependencies:
      path-key: 3.1.1
    dev: false

  /onetime/5.1.2:
    resolution: {integrity: sha512-kbpaSSGJTWdAY5KPVeMOKXSrPtr8C8C7wodJbcsd51jRnmD+GZu8Y0VoU6Dm5Z4vWr0Ig/1NKuWRKf7j5aaYSg==}
    engines: {node: '>=6'}
    dependencies:
      mimic-fn: 2.1.0
    dev: false

  /p-limit/3.1.0:
    resolution: {integrity: sha512-TYOanM3wGwNGsZN2cVTYPArw454xnXj5qmWF1bEoAc4+cU/ol7GVh7odevjp1FNHduHc3KZMcFduxU5Xc6uJRQ==}
    engines: {node: '>=10'}
    dependencies:
      yocto-queue: 0.1.0
    dev: false

  /p-locate/5.0.0:
    resolution: {integrity: sha512-LaNjtRWUBY++zB5nE/NwcaoMylSPk+S+ZHNB1TzdbMJMny6dynpAGt7X/tl/QYq3TIeE6nxHppbo2LGymrG5Pw==}
    engines: {node: '>=10'}
    dependencies:
      p-limit: 3.1.0
    dev: false

  /path-exists/4.0.0:
    resolution: {integrity: sha512-ak9Qy5Q7jYb2Wwcey5Fpvg2KoAc/ZIhLSLOSBmRmygPsGwkVVt0fZa0qrtMz+m6tJTAHfZQ8FnmB4MG4LWy7/w==}
    engines: {node: '>=8'}
    dev: false

  /path-key/3.1.1:
    resolution: {integrity: sha512-ojmeN0qd+y0jszEtoY48r0Peq5dwMEkIlCOu6Q5f41lfkswXuKtYrhgoTpLnyIcHm24Uhqx+5Tqm2InSwLhE6Q==}
    engines: {node: '>=8'}
    dev: false

  /path-parse/1.0.7:
    resolution: {integrity: sha512-LDJzPVEEEPR+y48z93A0Ed0yXb8pAByGWo/k5YYdYgpY2/2EsOsksJrq7lOHxryrVOn1ejG6oAp8ahvOIQD8sw==}
    dev: true

  /picocolors/1.0.0:
    resolution: {integrity: sha512-1fygroTLlHu66zi26VoTDv8yRgm0Fccecssto+MhsZ0D/DGW2sm8E8AjW7NU5VVTRt5GxbeZ5qBuJr+HyLYkjQ==}

  /picomatch/2.3.1:
    resolution: {integrity: sha512-JU3teHTNjmE2VCGFzuY8EXzCDVwEqB2a8fsIvwaStHhAWJEeVd1o1QD80CU6+ZdEXXSLbSsuLwJjkCBWqRQUVA==}
    engines: {node: '>=8.6'}
    dev: false

  /postcss/8.4.14:
    resolution: {integrity: sha512-E398TUmfAYFPBSdzgeieK2Y1+1cpdxJx8yXbK/m57nRhKSmk1GB2tO4lbLBtlkfPQTDKfe4Xqv1ASWPpayPEig==}
    engines: {node: ^10 || ^12 || >=14}
    dependencies:
      nanoid: 3.3.4
      picocolors: 1.0.0
      source-map-js: 1.0.2

  /preact/10.8.1:
    resolution: {integrity: sha512-p5CKQ0MCEXTGKGOHiFaNE2V2nDq2hvDHykXvIlz+4lbfJ9umLZr8JS/fa1bXUwRcHXK+Ljk8zqmDhr25n0LtVg==}
    dev: true

  /readdirp/3.6.0:
    resolution: {integrity: sha512-hOS089on8RduqdbhvQ5Z37A0ESjsqz6qnRcffsMU3495FuTdqSm+7bhJ29JvIOsBDEEnan5DPu9t3To9VRlMzA==}
    engines: {node: '>=8.10.0'}
    dependencies:
      picomatch: 2.3.1
    dev: false

  /resolve/1.22.0:
    resolution: {integrity: sha512-Hhtrw0nLeSrFQ7phPp4OOcVjLPIeMnRlr5mcnVuMe7M/7eBn98A3hmFRLoFo3DLZkivSYwhRUJTyPyWAk56WLw==}
    hasBin: true
    dependencies:
      is-core-module: 2.8.1
      path-parse: 1.0.7
      supports-preserve-symlinks-flag: 1.0.0
    dev: true

  /rollup/2.74.1:
    resolution: {integrity: sha512-K2zW7kV8Voua5eGkbnBtWYfMIhYhT9Pel2uhBk2WO5eMee161nPze/XRfvEQPFYz7KgrCCnmh2Wy0AMFLGGmMA==}
    engines: {node: '>=10.0.0'}
    hasBin: true
    optionalDependencies:
      fsevents: 2.3.2
    dev: true

  /shebang-command/2.0.0:
    resolution: {integrity: sha512-kHxr2zZpYtdmrN1qDjrrX/Z1rR1kG8Dx+gkpK1G4eXmvXswmcE1hTWBWYUzlraYw1/yZp6YuDY77YtvbN0dmDA==}
    engines: {node: '>=8'}
    dependencies:
      shebang-regex: 3.0.0
    dev: false

  /shebang-regex/3.0.0:
    resolution: {integrity: sha512-7++dFhtcx3353uBaq8DDR4NuxBetBzC7ZQOhmTQInHEd6bSrXdiEyzCvG07Z44UYdLShWUyXt5M/yhz8ekcb1A==}
    engines: {node: '>=8'}
    dev: false

  /shiki/0.10.1:
    resolution: {integrity: sha512-VsY7QJVzU51j5o1+DguUd+6vmCmZ5v/6gYu4vyYAhzjuNQU6P/vmSy4uQaOhvje031qQMiW0d2BwgMH52vqMng==}
    dependencies:
      jsonc-parser: 3.0.0
      vscode-oniguruma: 1.6.2
      vscode-textmate: 5.2.0
    dev: true

  /signal-exit/3.0.7:
    resolution: {integrity: sha512-wnD2ZE+l+SPC/uoS0vXeE9L1+0wuaMqKlfz9AMUo38JsyLSBWSFcHR1Rri62LZc12vLr1gb3jl7iwQhgwpAbGQ==}
    dev: false

  /source-map-js/1.0.2:
    resolution: {integrity: sha512-R0XvVJ9WusLiqTCEiGCmICCMplcCkIwwR11mOSD9CR5u+IXYdiseeEuXCVAjS54zqwkLcPNnmU4OeJ6tUrWhDw==}
    engines: {node: '>=0.10.0'}

  /source-map/0.6.1:
    resolution: {integrity: sha512-UjgapumWlbMhkBgzT7Ykc5YXUT46F0iKu8SGXq0bcwP5dz/h0Plj6enJqjz1Zbq2l5WaqYnrVbwWOWMyF3F47g==}
    engines: {node: '>=0.10.0'}

  /sourcemap-codec/1.4.8:
    resolution: {integrity: sha512-9NykojV5Uih4lgo5So5dtw+f0JgJX30KCNI8gwhz2J9A15wD0Ml6tjHKwf6fTSa6fAdVBdZeNOs9eJ71qCk8vA==}

  /strip-final-newline/2.0.0:
    resolution: {integrity: sha512-BrpvfNAE3dcvq7ll3xVumzjKjZQ5tI1sEUIKr3Uoks0XUl45St3FlatVqef9prk4jRDzhW6WZg+3bk93y6pLjA==}
    engines: {node: '>=6'}
    dev: false

  /style-mod/4.0.0:
    resolution: {integrity: sha512-OPhtyEjyyN9x3nhPsu76f52yUGXiZcgvsrFVtvTkyGRQJ0XK+GPc6ov1z+lRpbeabka+MYEQxOYRnt5nF30aMw==}
    dev: false

  /supports-preserve-symlinks-flag/1.0.0:
    resolution: {integrity: sha512-ot0WnXS9fgdkgIcePe6RHNk1WA8+muPa6cSjeR3V8K27q9BB1rTE3R1p7Hv0z1ZyAc8s6Vvv8DIyWf681MAt0w==}
    engines: {node: '>= 0.4'}
    dev: true

  /to-fast-properties/2.0.0:
    resolution: {integrity: sha512-/OaKK0xYrs3DmxRYqL/yDc+FxFUVYhDlXMhRmv3z915w2HF1tnN1omB354j8VUGO/hbRzyD6Y3sA7v7GS/ceog==}
    engines: {node: '>=4'}

  /to-regex-range/5.0.1:
    resolution: {integrity: sha512-65P7iz6X5yEr1cwcgvQxbbIw7Uk3gOy5dIdtZ4rDveLqhrdJP+Li/Hx6tyK0NEb+2GCyneCMJiGqrADCSNk8sQ==}
    engines: {node: '>=8.0'}
    dependencies:
      is-number: 7.0.0
    dev: false

  /unplugin-icons/0.14.8:
    resolution: {integrity: sha512-YxLC0Uxec+ayl8ju3CXmRX4Jg7IF8Tu2cRyq/okXwMK6fM140SPae332ByTlul1E/I7I0PXYSVVn8SlGunM/2g==}
    peerDependencies:
      '@svgr/core': '>=5.5.0'
      '@vue/compiler-sfc': ^3.0.2
      vue-template-compiler: ^2.6.12
      vue-template-es2015-compiler: ^1.9.0
    peerDependenciesMeta:
      '@svgr/core':
        optional: true
      '@vue/compiler-sfc':
        optional: true
      vue-template-compiler:
        optional: true
      vue-template-es2015-compiler:
        optional: true
    dependencies:
      '@antfu/install-pkg': 0.1.0
      '@antfu/utils': 0.5.2
      '@iconify/utils': 1.0.33
      debug: 4.3.4
      kolorist: 1.5.1
      local-pkg: 0.4.2
      unplugin: 0.8.1
    transitivePeerDependencies:
      - esbuild
      - rollup
      - supports-color
      - vite
      - webpack
    dev: false

  /unplugin/0.8.1:
    resolution: {integrity: sha512-o7rUZoPLG1fH4LKinWgb77gDtTE6mw/iry0Pq0Z5UPvZ9+HZ1/4+7fic7t58s8/CGkPrDpGq+RltO+DmswcR4g==}
    peerDependencies:
      esbuild: '>=0.13'
      rollup: ^2.50.0
      vite: ^2.3.0 || ^3.0.0-0
      webpack: 4 || 5
    peerDependenciesMeta:
      esbuild:
        optional: true
      rollup:
        optional: true
      vite:
        optional: true
      webpack:
        optional: true
    dependencies:
      acorn: 8.8.0
      chokidar: 3.5.3
      webpack-sources: 3.2.3
      webpack-virtual-modules: 0.4.4
    dev: false

  /vite/2.9.12:
    resolution: {integrity: sha512-suxC36dQo9Rq1qMB2qiRorNJtJAdxguu5TMvBHOc/F370KvqAe9t48vYp+/TbPKRNrMh/J55tOUmkuIqstZaew==}
    engines: {node: '>=12.2.0'}
    hasBin: true
    peerDependencies:
      less: '*'
      sass: '*'
      stylus: '*'
    peerDependenciesMeta:
      less:
        optional: true
      sass:
        optional: true
      stylus:
        optional: true
    dependencies:
      esbuild: 0.14.44
      postcss: 8.4.14
      resolve: 1.22.0
      rollup: 2.74.1
    optionalDependencies:
      fsevents: 2.3.2
    dev: true

  /vitepress/1.0.0-alpha.2:
    resolution: {integrity: sha512-twSsmx2DI/3XgZZ8KLyRAH8RgK2Zj4kJx/kwhZhimwndYqQDrtcIaAcuV+P3FKukZ+cYtm9yt9qohz631jKx4A==}
    engines: {node: '>=14.6.0'}
    hasBin: true
    dependencies:
      '@docsearch/css': 3.1.0
      '@docsearch/js': 3.1.0
      '@vitejs/plugin-vue': 2.3.3_vite@2.9.12+vue@3.2.37
      '@vue/devtools-api': 6.1.4
      '@vueuse/core': 8.7.3_vue@3.2.37
      body-scroll-lock: 4.0.0-beta.0
      shiki: 0.10.1
      vite: 2.9.12
      vue: 3.2.37
    transitivePeerDependencies:
      - '@types/react'
      - '@vue/composition-api'
      - less
      - react
      - react-dom
      - sass
      - stylus
    dev: true

  /vscode-oniguruma/1.6.2:
    resolution: {integrity: sha512-KH8+KKov5eS/9WhofZR8M8dMHWN2gTxjMsG4jd04YhpbPR91fUj7rYQ2/XjeHCJWbg7X++ApRIU9NUwM2vTvLA==}
    dev: true

  /vscode-textmate/5.2.0:
    resolution: {integrity: sha512-Uw5ooOQxRASHgu6C7GVvUxisKXfSgW4oFlO+aa+PAkgmH89O3CXxEEzNRNtHSqtXFTl0nAC1uYj0GMSH27uwtQ==}
    dev: true

  /vue-codemirror/6.0.2_w3v55mexrpfzyztsvxxm2lvyqu:
    resolution: {integrity: sha512-/fUei5398vsS9oLV0tm1tUFc69wst44uSFrNaPktC9qto1oshi5VrK8MXqybMIMo9XUUQNc4BAdzn2jkwg9fxw==}
    peerDependencies:
      codemirror: 6.x
      vue: 3.x
    dependencies:
      '@codemirror/commands': 6.0.1
      '@codemirror/language': 6.2.1
      '@codemirror/state': 6.1.1
      '@codemirror/view': 6.2.0
      codemirror: 6.0.1
      csstype: 3.1.0
      vue: 3.2.37
    dev: false

  /vue-demi/0.13.1_vue@3.2.37:
    resolution: {integrity: sha512-xmkJ56koG3ptpLnpgmIzk9/4nFf4CqduSJbUM0OdPoU87NwRuZ6x49OLhjSa/fC15fV+5CbEnrxU4oyE022svg==}
    engines: {node: '>=12'}
    hasBin: true
    requiresBuild: true
    peerDependencies:
      '@vue/composition-api': ^1.0.0-rc.1
      vue: ^3.0.0-0 || ^2.6.0
    peerDependenciesMeta:
      '@vue/composition-api':
        optional: true
    dependencies:
      vue: 3.2.37
    dev: true

  /vue/3.2.37:
    resolution: {integrity: sha512-bOKEZxrm8Eh+fveCqS1/NkG/n6aMidsI6hahas7pa0w/l7jkbssJVsRhVDs07IdDq7h9KHswZOgItnwJAgtVtQ==}
    dependencies:
      '@vue/compiler-dom': 3.2.37
      '@vue/compiler-sfc': 3.2.37
      '@vue/runtime-dom': 3.2.37
      '@vue/server-renderer': 3.2.37_vue@3.2.37
      '@vue/shared': 3.2.37

  /w3c-keyname/2.2.6:
    resolution: {integrity: sha512-f+fciywl1SJEniZHD6H+kUO8gOnwIr7f4ijKA6+ZvJFjeGi1r4PDLl53Ayud9O/rk64RqgoQine0feoeOU0kXg==}
    dev: false

  /webpack-sources/3.2.3:
    resolution: {integrity: sha512-/DyMEOrDgLKKIG0fmvtz+4dUX/3Ghozwgm6iPp8KRhvn+eQf9+Q7GWxVNMk3+uCPWfdXYC4ExGBckIXdFEfH1w==}
    engines: {node: '>=10.13.0'}
    dev: false

  /webpack-virtual-modules/0.4.4:
    resolution: {integrity: sha512-h9atBP/bsZohWpHnr+2sic8Iecb60GxftXsWNLLLSqewgIsGzByd2gcIID4nXcG+3tNe4GQG3dLcff3kXupdRA==}
    dev: false

  /which/2.0.2:
    resolution: {integrity: sha512-BLI3Tl1TW3Pvl70l3yq3Y64i+awpwXqsGBYWkkqMtnbXgrMD+yj7rhW0kuEDxzJaYXGjEW5ogapKNMEKNMjibA==}
    engines: {node: '>= 8'}
    hasBin: true
    dependencies:
      isexe: 2.0.0
    dev: false

  /xmind-embed-viewer/1.0.7:
    resolution: {integrity: sha512-3Bg7V9wy90+8gvc8xbZziWtAfuXFISiAJyIJI1NGKBClJc16dXhzjme2VX6vzwisonEUZAE9Pf7ixlm9xP4bPA==}
    dev: false

  /yocto-queue/0.1.0:
    resolution: {integrity: sha512-rVksvsnNCdJ/ohGc6xgPwyN8eheCxsiLM8mxuE/t/mOVqJewPuO1miLpTHQiRgTKCLexL4MeAFVagts7HmNZ2Q==}
    engines: {node: '>=10'}
    dev: false
